
Microsoft Visual Studio Solution File, Format Version 12.00
# Visual Studio Version 16
VisualStudioVersion = 16.0.31624.102
MinimumVisualStudioVersion = 10.0.40219.1
Project("{FAE04EC0-301F-11D3-BF4B-00C04F79EFBC}") = "Дополнительное  задание", "Дополнительное  задание\Дополнительное  задание.csproj", "{8C90A63F-F2B6-4048-A0B1-1D7AA87B8282}"
EndProject
Global
	GlobalSection(SolutionConfigurationPlatforms) = preSolution
		Debug|Any CPU = Debug|Any CPU
		Release|Any CPU = Release|Any CPU
	EndGlobalSection
	GlobalSection(ProjectConfigurationPlatforms) = postSolution
		{8C90A63F-F2B6-4048-A0B1-1D7AA87B8282}.Debug|Any CPU.ActiveCfg = Debug|Any CPU
		{8C90A63F-F2B6-4048-A0B1-1D7AA87B8282}.Debug|Any CPU.Build.0 = Debug|Any CPU
		{8C90A63F-F2B6-4048-A0B1-1D7AA87B8282}.Release|Any CPU.ActiveCfg = Release|Any CPU
		{8C90A63F-F2B6-4048-A0B1-1D7AA87B8282}.Release|Any CPU.Build.0 = Release|Any CPU
	EndGlobalSection
	GlobalSection(SolutionProperties) = preSolution
		HideSolutionNode = FALSE
	EndGlobalSection
	GlobalSection(ExtensibilityGlobals) = postSolution
		SolutionGuid = {27D0285D-F5DD-4D7B-9165-FCDA09934055}
	EndGlobalSection
EndGlobal
